
Microsoft Visual Studio Solution File, Format Version 12.00
# Visual Studio 15
VisualStudioVersion = 15.0.28307.1082
MinimumVisualStudioVersion = 10.0.40219.1
Project("{FAE04EC0-301F-11D3-BF4B-00C04F79EFBC}") = "Projeto", "Projeto.csproj", "{DEFB41B0-E7A9-4EAA-B7F5-06092445DF38}"
EndProject
Global
	GlobalSection(SolutionConfigurationPlatforms) = preSolution
		Debug|Any CPU = Debug|Any CPU
		Release|Any CPU = Release|Any CPU
	EndGlobalSection
	GlobalSection(ProjectConfigurationPlatforms) = postSolution
		{DEFB41B0-E7A9-4EAA-B7F5-06092445DF38}.Debug|Any CPU.ActiveCfg = Debug|Any CPU
		{DEFB41B0-E7A9-4EAA-B7F5-06092445DF38}.Debug|Any CPU.Build.0 = Debug|Any CPU
		{DEFB41B0-E7A9-4EAA-B7F5-06092445DF38}.Release|Any CPU.ActiveCfg = Release|Any CPU
		{DEFB41B0-E7A9-4EAA-B7F5-06092445DF38}.Release|Any CPU.Build.0 = Release|Any CPU
	EndGlobalSection
	GlobalSection(SolutionProperties) = preSolution
		HideSolutionNode = FALSE
	EndGlobalSection
	GlobalSection(ExtensibilityGlobals) = postSolution
		SolutionGuid = {F184090F-B2CA-4E8A-8963-EECDEFA001D1}
	EndGlobalSection
EndGlobal
